
Microsoft Visual Studio Solution File, Format Version 12.00
# Visual Studio 2012
Project("{FAE04EC0-301F-11D3-BF4B-00C04F79EFBC}") = "Server", "Server\Server.csproj", "{98DCD50E-A8E5-480A-A858-5F3853AA89B3}"
EndProject
Project("{FAE04EC0-301F-11D3-BF4B-00C04F79EFBC}") = "WCF", "WCF\WCF.csproj", "{C7DDF27F-29C5-4894-9325-7214D3DF189C}"
EndProject
Project("{FAE04EC0-301F-11D3-BF4B-00C04F79EFBC}") = "Entities", "Entities\Entities.csproj", "{D4A5C197-A8EF-4FEC-A24C-214B6CC635A8}"
EndProject
Project("{FAE04EC0-301F-11D3-BF4B-00C04F79EFBC}") = "Client", "Client\Client.csproj", "{C25F22B8-20ED-4805-A07B-1E4EE30DE9F1}"
	ProjectSection(ProjectDependencies) = postProject
		{C7DDF27F-29C5-4894-9325-7214D3DF189C} = {C7DDF27F-29C5-4894-9325-7214D3DF189C}
	EndProjectSection
EndProject
Project("{FAE04EC0-301F-11D3-BF4B-00C04F79EFBC}") = "DataAccess", "DataAccess\DataAccess.csproj", "{D4062796-3E92-4ED4-8AE0-B2EBB99DECB1}"
EndProject
Global
	GlobalSection(SolutionConfigurationPlatforms) = preSolution
		Debug|Any CPU = Debug|Any CPU
		Release|Any CPU = Release|Any CPU
	EndGlobalSection
	GlobalSection(ProjectConfigurationPlatforms) = postSolution
		{98DCD50E-A8E5-480A-A858-5F3853AA89B3}.Debug|Any CPU.ActiveCfg = Debug|Any CPU
		{98DCD50E-A8E5-480A-A858-5F3853AA89B3}.Debug|Any CPU.Build.0 = Debug|Any CPU
		{98DCD50E-A8E5-480A-A858-5F3853AA89B3}.Release|Any CPU.ActiveCfg = Release|Any CPU
		{98DCD50E-A8E5-480A-A858-5F3853AA89B3}.Release|Any CPU.Build.0 = Release|Any CPU
		{C7DDF27F-29C5-4894-9325-7214D3DF189C}.Debug|Any CPU.ActiveCfg = Debug|Any CPU
		{C7DDF27F-29C5-4894-9325-7214D3DF189C}.Debug|Any CPU.Build.0 = Debug|Any CPU
		{C7DDF27F-29C5-4894-9325-7214D3DF189C}.Release|Any CPU.ActiveCfg = Release|Any CPU
		{C7DDF27F-29C5-4894-9325-7214D3DF189C}.Release|Any CPU.Build.0 = Release|Any CPU
		{D4A5C197-A8EF-4FEC-A24C-214B6CC635A8}.Debug|Any CPU.ActiveCfg = Debug|Any CPU
		{D4A5C197-A8EF-4FEC-A24C-214B6CC635A8}.Debug|Any CPU.Build.0 = Debug|Any CPU
		{D4A5C197-A8EF-4FEC-A24C-214B6CC635A8}.Release|Any CPU.ActiveCfg = Release|Any CPU
		{D4A5C197-A8EF-4FEC-A24C-214B6CC635A8}.Release|Any CPU.Build.0 = Release|Any CPU
		{C25F22B8-20ED-4805-A07B-1E4EE30DE9F1}.Debug|Any CPU.ActiveCfg = Debug|Any CPU
		{C25F22B8-20ED-4805-A07B-1E4EE30DE9F1}.Debug|Any CPU.Build.0 = Debug|Any CPU
		{C25F22B8-20ED-4805-A07B-1E4EE30DE9F1}.Release|Any CPU.ActiveCfg = Release|Any CPU
		{C25F22B8-20ED-4805-A07B-1E4EE30DE9F1}.Release|Any CPU.Build.0 = Release|Any CPU
		{D4062796-3E92-4ED4-8AE0-B2EBB99DECB1}.Debug|Any CPU.ActiveCfg = Debug|Any CPU
		{D4062796-3E92-4ED4-8AE0-B2EBB99DECB1}.Debug|Any CPU.Build.0 = Debug|Any CPU
		{D4062796-3E92-4ED4-8AE0-B2EBB99DECB1}.Release|Any CPU.ActiveCfg = Release|Any CPU
		{D4062796-3E92-4ED4-8AE0-B2EBB99DECB1}.Release|Any CPU.Build.0 = Release|Any CPU
	EndGlobalSection
	GlobalSection(SolutionProperties) = preSolution
		HideSolutionNode = FALSE
	EndGlobalSection
EndGlobal
